
Microsoft Visual Studio Solution File, Format Version 12.00
# Visual Studio Version 16
VisualStudioVersion = 16.0.29728.190
MinimumVisualStudioVersion = 10.0.40219.1
Project("{FAE04EC0-301F-11D3-BF4B-00C04F79EFBC}") = "CrosswordPuzzleGame", "CrosswordPuzzleGame\CrosswordPuzzleGame.csproj", "{2C7DE166-EEB1-459C-BF8F-A4FA781EE2FC}"
EndProject
Global
	GlobalSection(SolutionConfigurationPlatforms) = preSolution
		Debug|Any CPU = Debug|Any CPU
		Release|Any CPU = Release|Any CPU
	EndGlobalSection
	GlobalSection(ProjectConfigurationPlatforms) = postSolution
		{2C7DE166-EEB1-459C-BF8F-A4FA781EE2FC}.Debug|Any CPU.ActiveCfg = Debug|Any CPU
		{2C7DE166-EEB1-459C-BF8F-A4FA781EE2FC}.Debug|Any CPU.Build.0 = Debug|Any CPU
		{2C7DE166-EEB1-459C-BF8F-A4FA781EE2FC}.Release|Any CPU.ActiveCfg = Release|Any CPU
		{2C7DE166-EEB1-459C-BF8F-A4FA781EE2FC}.Release|Any CPU.Build.0 = Release|Any CPU
	EndGlobalSection
	GlobalSection(SolutionProperties) = preSolution
		HideSolutionNode = FALSE
	EndGlobalSection
	GlobalSection(ExtensibilityGlobals) = postSolution
		SolutionGuid = {EABAC50D-4675-464A-8B04-961C186F51E5}
	EndGlobalSection
EndGlobal
